PODS:
  - OpenSSL-Apple (1.1.1g.6)
  - SwiftyBeaver (1.9.3)
  - TunnelKit (2.2.7):
    - TunnelKit/Protocols/OpenVPN (= 2.2.7)
  - TunnelKit/AppExtension (2.2.7):
    - SwiftyBeaver
    - TunnelKit/Core
  - TunnelKit/Core (2.2.7):
    - SwiftyBeaver
  - TunnelKit/Protocols/OpenVPN (2.2.7):
    - OpenSSL-Apple (~> 1.1.1g.6)
    - TunnelKit/AppExtension
    - TunnelKit/Core

DEPENDENCIES:
  - TunnelKit (from `..`)

SPEC REPOS:
  trunk:
    - OpenSSL-Apple
    - SwiftyBeaver

EXTERNAL SOURCES:
  TunnelKit:
    :path: ".."

SPEC CHECKSUMS:
  OpenSSL-Apple: c9c1b9c5b2b1fc4e1758fc5f0836b58ae7fd8183
  SwiftyBeaver: 2e8acd6fc90c6d0a27055867a290794926d57c02
  TunnelKit: cbd063b8b6f4f6a182cf48e646ff35cb2365bf91

PODFILE CHECKSUM: dc0c532d9445f7f6297b781d6ba7513579b40251

COCOAPODS: 1.10.0
